
Microsoft Visual Studio Solution File, Format Version 11.00
# Visual Studio 2010
Project("{FAE04EC0-301F-11D3-BF4B-00C04F79EFBC}") = "Bodacious_Booty_Blaster_7000", "Assembly-CSharp-firstpass.csproj", "{A08B71E9-891E-243F-B1DF-34BDBE56F3E2}"
EndProject
Project("{FAE04EC0-301F-11D3-BF4B-00C04F79EFBC}") = "Bodacious_Booty_Blaster_7000", "Assembly-CSharp.csproj", "{8CC32CFD-2368-23EF-8552-083D0C166800}"
EndProject
Project("{FAE04EC0-301F-11D3-BF4B-00C04F79EFBC}") = "Bodacious_Booty_Blaster_7000", "Assembly-CSharp-Editor-firstpass.csproj", "{C94F4352-4E88-E598-72C4-AB1A78945CB8}"
EndProject
Global
	GlobalSection(SolutionConfigurationPlatforms) = preSolution
		Debug|Any CPU = Debug|Any CPU
		Release|Any CPU = Release|Any CPU
	EndGlobalSection
	GlobalSection(ProjectConfigurationPlatforms) = postSolution
		{A08B71E9-891E-243F-B1DF-34BDBE56F3E2}.Debug|Any CPU.ActiveCfg = Debug|Any CPU
		{A08B71E9-891E-243F-B1DF-34BDBE56F3E2}.Debug|Any CPU.Build.0 = Debug|Any CPU
		{A08B71E9-891E-243F-B1DF-34BDBE56F3E2}.Release|Any CPU.ActiveCfg = Release|Any CPU
		{A08B71E9-891E-243F-B1DF-34BDBE56F3E2}.Release|Any CPU.Build.0 = Release|Any CPU
		{8CC32CFD-2368-23EF-8552-083D0C166800}.Debug|Any CPU.ActiveCfg = Debug|Any CPU
		{8CC32CFD-2368-23EF-8552-083D0C166800}.Debug|Any CPU.Build.0 = Debug|Any CPU
		{8CC32CFD-2368-23EF-8552-083D0C166800}.Release|Any CPU.ActiveCfg = Release|Any CPU
		{8CC32CFD-2368-23EF-8552-083D0C166800}.Release|Any CPU.Build.0 = Release|Any CPU
		{C94F4352-4E88-E598-72C4-AB1A78945CB8}.Debug|Any CPU.ActiveCfg = Debug|Any CPU
		{C94F4352-4E88-E598-72C4-AB1A78945CB8}.Debug|Any CPU.Build.0 = Debug|Any CPU
		{C94F4352-4E88-E598-72C4-AB1A78945CB8}.Release|Any CPU.ActiveCfg = Release|Any CPU
		{C94F4352-4E88-E598-72C4-AB1A78945CB8}.Release|Any CPU.Build.0 = Release|Any CPU
	EndGlobalSection
	GlobalSection(SolutionProperties) = preSolution
		HideSolutionNode = FALSE
	EndGlobalSection
	GlobalSection(MonoDevelopProperties) = preSolution
		StartupItem = Assembly-CSharp.csproj
	EndGlobalSection
EndGlobal
